
Microsoft Visual Studio Solution File, Format Version 9.00
# Visual Studio 2005
Project("{FAE04EC0-301F-11D3-BF4B-00C04F79EFBC}") = "Sunday_C#", "Sunday_C#.csproj", "{04B12AC8-909F-4C57-A761-6BEB6927FB9B}"
EndProject
Global
	GlobalSection(SolutionConfigurationPlatforms) = preSolution
		Debug|x86 = Debug|x86
		Release|x86 = Release|x86
	EndGlobalSection
	GlobalSection(ProjectConfigurationPlatforms) = postSolution
		{04B12AC8-909F-4C57-A761-6BEB6927FB9B}.Debug|x86.ActiveCfg = Debug|x86
		{04B12AC8-909F-4C57-A761-6BEB6927FB9B}.Debug|x86.Build.0 = Debug|x86
		{04B12AC8-909F-4C57-A761-6BEB6927FB9B}.Release|x86.ActiveCfg = Release|x86
		{04B12AC8-909F-4C57-A761-6BEB6927FB9B}.Release|x86.Build.0 = Release|x86
	EndGlobalSection
	GlobalSection(SolutionProperties) = preSolution
		HideSolutionNode = FALSE
	EndGlobalSection
EndGlobal
